<?xml version="1.0" encoding="utf-8"?>
<Project ToolsVersion="4.0" xmlns="http://schemas.microsoft.com/developer/msbuild/2003">
  <ItemGroup>
    <Filter Include="Исходные файлы">
      <UniqueIdentifier>{4FC737F1-C7A5-4376-A066-2A32D752A2FF}</UniqueIdentifier>
      <Extensions>cpp;c;cc;cxx;c++;cppm;ixx;def;odl;idl;hpj;bat;asm;asmx</Extensions>
    </Filter>
    <Filter Include="Файлы заголовков">
      <UniqueIdentifier>{93995380-89BD-4b04-88EB-625FBE52EBFB}</UniqueIdentifier>
      <Extensions>h;hh;hpp;hxx;h++;hm;inl;inc;ipp;xsd</Extensions>
    </Filter>
    <Filter Include="Файлы ресурсов">
      <UniqueIdentifier>{67DA6AB6-F800-4c08-8B7A-83BB121AAD01}</UniqueIdentifier>
      <Extensions>rc;ico;cur;bmp;dlg;rc2;rct;bin;rgs;gif;jpg;jpeg;jpe;resx;tiff;tif;png;wav;mfcribbon-ms</Extensions>
    </Filter>
    <Filter Include="first">
      <UniqueIdentifier>{8a80d247-739d-4835-8d72-f73c19d8c83a}</UniqueIdentifier>
    </Filter>
    <Filter Include="second">
      <UniqueIdentifier>{1d5753fc-c4be-4fbb-98f5-ac4aa6aaf4e5}</UniqueIdentifier>
    </Filter>
    <Filter Include="third">
      <UniqueIdentifier>{27ec5b7f-49bf-4308-b04b-cd6c528d80e3}</UniqueIdentifier>
    </Filter>
  </ItemGroup>
  <ItemGroup>
    <ClInclude Include="calc.hpp">
      <Filter>Файлы заголовков</Filter>
    </ClInclude>
    <ClInclude Include="first.hpp">
      <Filter>first</Filter>
    </ClInclude>
    <ClInclude Include="second.hpp">
      <Filter>second</Filter>
    </ClInclude>
    <ClInclude Include="auto.hpp">
      <Filter>second</Filter>
    </ClInclude>
    <ClInclude Include="lada.hpp">
      <Filter>second</Filter>
    </ClInclude>
    <ClInclude Include="ford.hpp">
      <Filter>second</Filter>
    </ClInclude>
    <ClInclude Include="third.hpp">
      <Filter>third</Filter>
    </ClInclude>
  </ItemGroup>
  <ItemGroup>
    <ClCompile Include="main.cpp">
      <Filter>Исходные файлы</Filter>
    </ClCompile>
    <ClCompile Include="calc.cpp">
      <Filter>Исходные файлы</Filter>
    </ClCompile>
    <ClCompile Include="first.cpp">
      <Filter>first</Filter>
    </ClCompile>
    <ClCompile Include="third.cpp">
      <Filter>third</Filter>
    </ClCompile>
  </ItemGroup>
  <ItemGroup>
    <None Include="first.cd">
      <Filter>first</Filter>
    </None>
    <None Include="second.cd">
      <Filter>second</Filter>
    </None>
    <None Include="third.cd">
      <Filter>third</Filter>
    </None>
  </ItemGroup>
  <ItemGroup>
    <Text Include="first.txt">
      <Filter>first</Filter>
    </Text>
  </ItemGroup>
</Project>